# Generated by pub
# See https://dart.dev/tools/pub/glossary#lockfile
packages:
  animated_text_kit:
    dependency: "direct main"
    description:
      name: animated_text_kit
      url: "https://pub.flutter-io.cn"
    source: hosted
    version: "1.3.1"
  async:
    dependency: transitive
    description:
      name: async
      url: "https://pub.flutter-io.cn"
    source: hosted
    version: "2.3.0"
  boolean_selector:
    dependency: transitive
    description:
      name: boolean_selector
      url: "https://pub.flutter-io.cn"
    source: hosted
    version: "1.0.5"
  bot_toast:
    dependency: "direct main"
    description:
      name: bot_toast
      url: "https://pub.flutter-io.cn"
    source: hosted
    version: "2.1.0"
  charcode:
    dependency: transitive
    description:
      name: charcode
      url: "https://pub.flutter-io.cn"
    source: hosted
    version: "1.1.2"
  collection:
    dependency: transitive
    description:
      name: collection
      url: "https://pub.flutter-io.cn"
    source: hosted
    version: "1.14.11"
  cupertino_icons:
    dependency: "direct main"
    description:
      name: cupertino_icons
      url: "https://pub.flutter-io.cn"
    source: hosted
    version: "0.1.2"
  curved_navigation_bar:
    dependency: "direct main"
    description:
      name: curved_navigation_bar
      url: "https://pub.flutter-io.cn"
    source: hosted
    version: "0.3.1"
  drag_list:
    dependency: "direct main"
    description:
      name: drag_list
      url: "https://pub.flutter-io.cn"
    source: hosted
    version: "1.0.4"
  flip_card:
    dependency: "direct main"
    description:
      name: flip_card
      url: "https://pub.flutter-io.cn"
    source: hosted
    version: "0.4.4"
  flutter:
    dependency: "direct main"
    description: flutter
    source: sdk
    version: "0.0.0"
  flutter_custom_clippers:
    dependency: "direct main"
    description:
      name: flutter_custom_clippers
      url: "https://pub.flutter-io.cn"
    source: hosted
    version: "1.1.0"
  flutter_page_indicator:
    dependency: transitive
    description:
      name: flutter_page_indicator
      url: "https://pub.flutter-io.cn"
    source: hosted
    version: "0.0.3"
  flutter_rating_bar:
    dependency: "direct main"
    description:
      name: flutter_rating_bar
      url: "https://pub.flutter-io.cn"
    source: hosted
    version: "3.0.0"
  flutter_slidable:
    dependency: "direct main"
    description:
      name: flutter_slidable
      url: "https://pub.flutter-io.cn"
    source: hosted
    version: "0.5.4"
  flutter_speed_dial:
    dependency: "direct main"
    description:
      name: flutter_speed_dial
      url: "https://pub.flutter-io.cn"
    source: hosted
    version: "1.2.4"
  flutter_staggered_animations:
    dependency: "direct main"
    description:
      name: flutter_staggered_animations
      url: "https://pub.flutter-io.cn"
    source: hosted
    version: "0.1.2"
  flutter_swiper:
    dependency: "direct main"
    description:
      name: flutter_swiper
      url: "https://pub.flutter-io.cn"
    source: hosted
    version: "1.1.6"
  flutter_test:
    dependency: "direct dev"
    description: flutter
    source: sdk
    version: "0.0.0"
  flutter_webview_plugin:
    dependency: "direct main"
    description:
      name: flutter_webview_plugin
      url: "https://pub.flutter-io.cn"
    source: hosted
    version: "0.3.8"
  hidden_drawer_menu:
    dependency: "direct main"
    description:
      name: hidden_drawer_menu
      url: "https://pub.flutter-io.cn"
    source: hosted
    version: "1.1.2"
  image_picker:
    dependency: "direct main"
    description:
      name: image_picker
      url: "https://pub.flutter-io.cn"
    source: hosted
    version: "0.6.1+10"
  like_button:
    dependency: "direct main"
    description:
      name: like_button
      url: "https://pub.flutter-io.cn"
    source: hosted
    version: "0.1.9"
  liquid_progress_indicator:
    dependency: "direct main"
    description:
      name: liquid_progress_indicator
      url: "https://pub.flutter-io.cn"
    source: hosted
    version: "0.3.2"
  liquid_swipe:
    dependency: "direct main"
    description:
      name: liquid_swipe
      url: "https://pub.flutter-io.cn"
    source: hosted
    version: "1.3.0"
  matcher:
    dependency: transitive
    description:
      name: matcher
      url: "https://pub.flutter-io.cn"
    source: hosted
    version: "0.12.5"
  meta:
    dependency: transitive
    description:
      name: meta
      url: "https://pub.flutter-io.cn"
    source: hosted
    version: "1.1.7"
  path:
    dependency: transitive
    description:
      name: path
      url: "https://pub.flutter-io.cn"
    source: hosted
    version: "1.6.4"
  pedantic:
    dependency: transitive
    description:
      name: pedantic
      url: "https://pub.flutter-io.cn"
    source: hosted
    version: "1.8.0+1"
  percent_indicator:
    dependency: "direct main"
    description:
      name: percent_indicator
      url: "https://pub.flutter-io.cn"
    source: hosted
    version: "2.1.1+1"
  photo_view:
    dependency: "direct main"
    description:
      name: photo_view
      url: "https://pub.flutter-io.cn"
    source: hosted
    version: "0.6.0"
  quiver:
    dependency: transitive
    description:
      name: quiver
      url: "https://pub.flutter-io.cn"
    source: hosted
    version: "2.0.5"
  sky_engine:
    dependency: transitive
    description: flutter
    source: sdk
    version: "0.0.99"
  sliding_up_panel:
    dependency: "direct main"
    description:
      name: sliding_up_panel
      url: "https://pub.flutter-io.cn"
    source: hosted
    version: "0.3.6"
  source_span:
    dependency: transitive
    description:
      name: source_span
      url: "https://pub.flutter-io.cn"
    source: hosted
    version: "1.5.5"
  stack_trace:
    dependency: transitive
    description:
      name: stack_trace
      url: "https://pub.flutter-io.cn"
    source: hosted
    version: "1.9.3"
  sticky_headers:
    dependency: "direct main"
    description:
      name: sticky_headers
      url: "https://pub.flutter-io.cn"
    source: hosted
    version: "0.1.8+1"
  stream_channel:
    dependency: transitive
    description:
      name: stream_channel
      url: "https://pub.flutter-io.cn"
    source: hosted
    version: "2.0.0"
  string_scanner:
    dependency: transitive
    description:
      name: string_scanner
      url: "https://pub.flutter-io.cn"
    source: hosted
    version: "1.0.5"
  term_glyph:
    dependency: transitive
    description:
      name: term_glyph
      url: "https://pub.flutter-io.cn"
    source: hosted
    version: "1.1.0"
  test_api:
    dependency: transitive
    description:
      name: test_api
      url: "https://pub.flutter-io.cn"
    source: hosted
    version: "0.2.5"
  transformer_page_view:
    dependency: transitive
    description:
      name: transformer_page_view
      url: "https://pub.flutter-io.cn"
    source: hosted
    version: "0.1.6"
  typed_data:
    dependency: transitive
    description:
      name: typed_data
      url: "https://pub.flutter-io.cn"
    source: hosted
    version: "1.1.6"
  vector_math:
    dependency: transitive
    description:
      name: vector_math
      url: "https://pub.flutter-io.cn"
    source: hosted
    version: "2.0.8"
  wave:
    dependency: "direct main"
    description:
      name: wave
      url: "https://pub.flutter-io.cn"
    source: hosted
    version: "0.0.8"
sdks:
  dart: ">=2.5.0 <3.0.0"
  flutter: ">=1.5.9-pre.94 <2.0.0"
